// !$*UTF8*$!
{
	archiveVersion = 1;
	classes = {
	};
	objectVersion = 55;
	objects = {

/* Begin PBXBuildFile section */
		9AA86E4228BA7A6B0061A254 /* AppDelegate.swift in Sources */ = {isa = PBXBuildFile; fileRef = 9AA86E4128BA7A6B0061A254 /* AppDelegate.swift */; };
		9AA86E4428BA7A6B0061A254 /* SceneDelegate.swift in Sources */ = {isa = PBXBuildFile; fileRef = 9AA86E4328BA7A6B0061A254 /* SceneDelegate.swift */; };
		9AA86E4628BA7A6B0061A254 /* ViewController.swift in Sources */ = {isa = PBXBuildFile; fileRef = 9AA86E4528BA7A6B0061A254 /* ViewController.swift */; };
		9AA86E4928BA7A6B0061A254 /* Main.storyboard in Resources */ = {isa = PBXBuildFile; fileRef = 9AA86E4728BA7A6B0061A254 /* Main.storyboard */; };
		9AA86E4B28BA7A6D0061A254 /* Assets.xcassets in Resources */ = {isa = PBXBuildFile; fileRef = 9AA86E4A28BA7A6D0061A254 /* Assets.xcassets */; };
		9AA86E4E28BA7A6D0061A254 /* LaunchScreen.storyboard in Resources */ = {isa = PBXBuildFile; fileRef = 9AA86E4C28BA7A6D0061A254 /* LaunchScreen.storyboard */; };
		9AA86E5928BA7A6D0061A254 /* PreworkTests.swift in Sources */ = {isa = PBXBuildFile; fileRef = 9AA86E5828BA7A6D0061A254 /* PreworkTests.swift */; };
		9AA86E6328BA7A6D0061A254 /* PreworkUITests.swift in Sources */ = {isa = PBXBuildFile; fileRef = 9AA86E6228BA7A6D0061A254 /* PreworkUITests.swift */; };
		9AA86E6528BA7A6D0061A254 /* PreworkUITestsLaunchTests.swift in Sources */ = {isa = PBXBuildFile; fileRef = 9AA86E6428BA7A6D0061A254 /* PreworkUITestsLaunchTests.swift */; };
/* End PBXBuildFile section */

/* Begin PBXContainerItemProxy section */
		9AA86E5528BA7A6D0061A254 /* PBXContainerItemProxy */ = {
			isa = PBXContainerItemProxy;
			containerPortal = 9AA86E3628BA7A6B0061A254 /* Project object */;
			proxyType = 1;
			remoteGlobalIDString = 9AA86E3D28BA7A6B0061A254;
			remoteInfo = Prework;
		};
		9AA86E5F28BA7A6D0061A254 /* PBXContainerItemProxy */ = {
			isa = PBXContainerItemProxy;
			containerPortal = 9AA86E3628BA7A6B0061A254 /* Project object */;
			proxyType = 1;
			remoteGlobalIDString = 9AA86E3D28BA7A6B0061A254;
			remoteInfo = Prework;
		};
/* End PBXContainerItemProxy section */

/* Begin PBXFileReference section */
		9AA86E3E28BA7A6B0061A254 /* Prework.app */ = {isa = PBXFileReference; explicitFileType = wrapper.application; includeInIndex = 0; path = Prework.app; sourceTree = BUILT_PRODUCTS_DIR; };
		9AA86E4128BA7A6B0061A254 /* AppDelegate.swift */ = {isa = PBXFileReference; lastKnownFileType = sourcecode.swift; path = AppDelegate.swift; sourceTree = "<group>"; };
		9AA86E4328BA7A6B0061A254 /* SceneDelegate.swift */ = {isa = PBXFileReference; lastKnownFileType = sourcecode.swift; path = SceneDelegate.swift; sourceTree = "<group>"; };
		9AA86E4528BA7A6B0061A254 /* ViewController.swift */ = {isa = PBXFileReference; lastKnownFileType = sourcecode.swift; path = ViewController.swift; sourceTree = "<group>"; };
		9AA86E4828BA7A6B0061A254 /* Base */ = {isa = PBXFileReference; lastKnownFileType = file.storyboard; name = Base; path = Base.lproj/Main.storyboard; sourceTree = "<group>"; };
		9AA86E4A28BA7A6D0061A254 /* Assets.xcassets */ = {isa = PBXFileReference; lastKnownFileType = folder.assetcatalog; path = Assets.xcassets; sourceTree = "<group>"; };
		9AA86E4D28BA7A6D0061A254 /* Base */ = {isa = PBXFileReference; lastKnownFileType = file.storyboard; name = Base; path = Base.lproj/LaunchScreen.storyboard; sourceTree = "<group>"; };
		9AA86E4F28BA7A6D0061A254 /* Info.plist */ = {isa = PBXFileReference; lastKnownFileType = text.plist.xml; path = Info.plist; sourceTree = "<group>"; };
		9AA86E5428BA7A6D0061A254 /* PreworkTests.xctest */ = {isa = PBXFileReference; explicitFileType = wrapper.cfbundle; includeInIndex = 0; path = PreworkTests.xctest; sourceTree = BUILT_PRODUCTS_DIR; };
		9AA86E5828BA7A6D0061A254 /* PreworkTests.swift */ = {isa = PBXFileReference; lastKnownFileType = sourcecode.swift; path = PreworkTests.swift; sourceTree = "<group>"; };
		9AA86E5E28BA7A6D0061A254 /* PreworkUITests.xctest */ = {isa = PBXFileReference; explicitFileType = wrapper.cfbundle; includeInIndex = 0; path = PreworkUITests.xctest; sourceTree = BUILT_PRODUCTS_DIR; };
		9AA86E6228BA7A6D0061A254 /* PreworkUITests.swift */ = {isa = PBXFileReference; lastKnownFileType = sourcecode.swift; path = PreworkUITests.swift; sourceTree = "<group>"; };
		9AA86E6428BA7A6D0061A254 /* PreworkUITestsLaunchTests.swift */ = {isa = PBXFileReference; lastKnownFileType = sourcecode.swift; path = PreworkUITestsLaunchTests.swift; sourceTree = "<group>"; };
/* End PBXFileReference section */

/* Begin PBXFrameworksBuildPhase section */
		9AA86E3B28BA7A6B0061A254 /* Frameworks */ = {
			isa = PBXFrameworksBuildPhase;
			buildActionMask = 2147483647;
			files = (
			);
			runOnlyForDeploymentPostprocessing = 0;
		};
		9AA86E5128BA7A6D0061A254 /* Frameworks */ = {
			isa = PBXFrameworksBuildPhase;
			buildActionMask = 2147483647;
			files = (
			);
			runOnlyForDeploymentPostprocessing = 0;
		};
		9AA86E5B28BA7A6D0061A254 /* Frameworks */ = {
			isa = PBXFrameworksBuildPhase;
			buildActionMask = 2147483647;
			files = (
			);
			runOnlyForDeploymentPostprocessing = 0;
		};
/* End PBXFrameworksBuildPhase section */

/* Begin PBXGroup section */
		9AA86E3528BA7A6B0061A254 = {
			isa = PBXGroup;
			children = (
				9AA86E4028BA7A6B0061A254 /* Prework */,
				9AA86E5728BA7A6D0061A254 /* PreworkTests */,
				9AA86E6128BA7A6D0061A254 /* PreworkUITests */,
				9AA86E3F28BA7A6B0061A254 /* Products */,
			);
			sourceTree = "<group>";
		};
		9AA86E3F28BA7A6B0061A254 /* Products */ = {
			isa = PBXGroup;
			children = (
				9AA86E3E28BA7A6B0061A254 /* Prework.app */,
				9AA86E5428BA7A6D0061A254 /* PreworkTests.xctest */,
				9AA86E5E28BA7A6D0061A254 /* PreworkUITests.xctest */,
			);
			name = Products;
			sourceTree = "<group>";
		};
		9AA86E4028BA7A6B0061A254 /* Prework */ = {
			isa = PBXGroup;
			children = (
				9AA86E4128BA7A6B0061A254 /* AppDelegate.swift */,
				9AA86E4328BA7A6B0061A254 /* SceneDelegate.swift */,
				9AA86E4528BA7A6B0061A254 /* ViewController.swift */,
				9AA86E4728BA7A6B0061A254 /* Main.storyboard */,
				9AA86E4A28BA7A6D0061A254 /* Assets.xcassets */,
				9AA86E4C28BA7A6D0061A254 /* LaunchScreen.storyboard */,
				9AA86E4F28BA7A6D0061A254 /* Info.plist */,
			);
			path = Prework;
			sourceTree = "<group>";
		};
		9AA86E5728BA7A6D0061A254 /* PreworkTests */ = {
			isa = PBXGroup;
			children = (
				9AA86E5828BA7A6D0061A254 /* PreworkTests.swift */,
			);
			path = PreworkTests;
			sourceTree = "<group>";
		};
		9AA86E6128BA7A6D0061A254 /* PreworkUITests */ = {
			isa = PBXGroup;
			children = (
				9AA86E6228BA7A6D0061A254 /* PreworkUITests.swift */,
				9AA86E6428BA7A6D0061A254 /* PreworkUITestsLaunchTests.swift */,
			);
			path = PreworkUITests;
			sourceTree = "<group>";
		};
/* End PBXGroup section */

/* Begin PBXNativeTarget section */
		9AA86E3D28BA7A6B0061A254 /* Prework */ = {
			isa = PBXNativeTarget;
			buildConfigurationList = 9AA86E6828BA7A6D0061A254 /* Build configuration list for PBXNativeTarget "Prework" */;
			buildPhases = (
				9AA86E3A28BA7A6B0061A254 /* Sources */,
				9AA86E3B28BA7A6B0061A254 /* Frameworks */,
				9AA86E3C28BA7A6B0061A254 /* Resources */,
			);
			buildRules = (
			);
			dependencies = (
			);
			name = Prework;
			productName = Prework;
			productReference = 9AA86E3E28BA7A6B0061A254 /* Prework.app */;
			productType = "com.apple.product-type.application";
		};
		9AA86E5328BA7A6D0061A254 /* PreworkTests */ = {
			isa = PBXNativeTarget;
			buildConfigurationList = 9AA86E6B28BA7A6D0061A254 /* Build configuration list for PBXNativeTarget "PreworkTests" */;
			buildPhases = (
				9AA86E5028BA7A6D0061A254 /* Sources */,
				9AA86E5128BA7A6D0061A254 /* Frameworks */,
				9AA86E5228BA7A6D0061A254 /* Resources */,
			);
			buildRules = (
			);
			dependencies = (
				9AA86E5628BA7A6D0061A254 /* PBXTargetDependency */,
			);
			name = PreworkTests;
			productName = PreworkTests;
			productReference = 9AA86E5428BA7A6D0061A254 /* PreworkTests.xctest */;
			productType = "com.apple.product-type.bundle.unit-test";
		};
		9AA86E5D28BA7A6D0061A254 /* PreworkUITests */ = {
			isa = PBXNativeTarget;
			buildConfigurationList = 9AA86E6E28BA7A6D0061A254 /* Build configuration list for PBXNativeTarget "PreworkUITests" */;
			buildPhases = (
				9AA86E5A28BA7A6D0061A254 /* Sources */,
				9AA86E5B28BA7A6D0061A254 /* Frameworks */,
				9AA86E5C28BA7A6D0061A254 /* Resources */,
			);
			buildRules = (
			);
			dependencies = (
				9AA86E6028BA7A6D0061A254 /* PBXTargetDependency */,
			);
			name = PreworkUITests;
			productName = PreworkUITests;
			productReference = 9AA86E5E28BA7A6D0061A254 /* PreworkUITests.xctest */;
			productType = "com.apple.product-type.bundle.ui-testing";
		};
/* End PBXNativeTarget section */

/* Begin PBXProject section */
		9AA86E3628BA7A6B0061A254 /* Project object */ = {
			isa = PBXProject;
			attributes = {
				BuildIndependentTargetsInParallel = 1;
				LastSwiftUpdateCheck = 1340;
				LastUpgradeCheck = 1340;
				TargetAttributes = {
					9AA86E3D28BA7A6B0061A254 = {
						CreatedOnToolsVersion = 13.4.1;
					};
					9AA86E5328BA7A6D0061A254 = {
						CreatedOnToolsVersion = 13.4.1;
						TestTargetID = 9AA86E3D28BA7A6B0061A254;
					};
					9AA86E5D28BA7A6D0061A254 = {
						CreatedOnToolsVersion = 13.4.1;
						TestTargetID = 9AA86E3D28BA7A6B0061A254;
					};
				};
			};
			buildConfigurationList = 9AA86E3928BA7A6B0061A254 /* Build configuration list for PBXProject "Prework" */;
			compatibilityVersion = "Xcode 13.0";
			developmentRegion = en;
			hasScannedForEncodings = 0;
			knownRegions = (
				en,
				Base,
			);
			mainGroup = 9AA86E3528BA7A6B0061A254;
			productRefGroup = 9AA86E3F28BA7A6B0061A254 /* Products */;
			projectDirPath = "";
			projectRoot = "";
			targets = (
				9AA86E3D28BA7A6B0061A254 /* Prework */,
				9AA86E5328BA7A6D0061A254 /* PreworkTests */,
				9AA86E5D28BA7A6D0061A254 /* PreworkUITests */,
			);
		};
/* End PBXProject section */

/* Begin PBXResourcesBuildPhase section */
		9AA86E3C28BA7A6B0061A254 /* Resources */ = {
			isa = PBXResourcesBuildPhase;
			buildActionMask = 2147483647;
			files = (
				9AA86E4E28BA7A6D0061A254 /* LaunchScreen.storyboard in Resources */,
				9AA86E4B28BA7A6D0061A254 /* Assets.xcassets in Resources */,
				9AA86E4928BA7A6B0061A254 /* Main.storyboard in Resources */,
			);
			runOnlyForDeploymentPostprocessing = 0;
		};
		9AA86E5228BA7A6D0061A254 /* Resources */ = {
			isa = PBXResourcesBuildPhase;
			buildActionMask = 2147483647;
			files = (
			);
			runOnlyForDeploymentPostprocessing = 0;
		};
		9AA86E5C28BA7A6D0061A254 /* Resources */ = {
			isa = PBXResourcesBuildPhase;
			buildActionMask = 2147483647;
			files = (
			);
			runOnlyForDeploymentPostprocessing = 0;
		};
/* End PBXResourcesBuildPhase section */

/* Begin PBXSourcesBuildPhase section */
		9AA86E3A28BA7A6B0061A254 /* Sources */ = {
			isa = PBXSourcesBuildPhase;
			buildActionMask = 2147483647;
			files = (
				9AA86E4628BA7A6B0061A254 /* ViewController.swift in Sources */,
				9AA86E4228BA7A6B0061A254 /* AppDelegate.swift in Sources */,
				9AA86E4428BA7A6B0061A254 /* SceneDelegate.swift in Sources */,
			);
			runOnlyForDeploymentPostprocessing = 0;
		};
		9AA86E5028BA7A6D0061A254 /* Sources */ = {
			isa = PBXSourcesBuildPhase;
			buildActionMask = 2147483647;
			files = (
				9AA86E5928BA7A6D0061A254 /* PreworkTests.swift in Sources */,
			);
			runOnlyForDeploymentPostprocessing = 0;
		};
		9AA86E5A28BA7A6D0061A254 /* Sources */ = {
			isa = PBXSourcesBuildPhase;
			buildActionMask = 2147483647;
			files = (
				9AA86E6328BA7A6D0061A254 /* PreworkUITests.swift in Sources */,
				9AA86E6528BA7A6D0061A254 /* PreworkUITestsLaunchTests.swift in Sources */,
			);
			runOnlyForDeploymentPostprocessing = 0;
		};
/* End PBXSourcesBuildPhase section */

/* Begin PBXTargetDependency section */
		9AA86E5628BA7A6D0061A254 /* PBXTargetDependency */ = {
			isa = PBXTargetDependency;
			target = 9AA86E3D28BA7A6B0061A254 /* Prework */;
			targetProxy = 9AA86E5528BA7A6D0061A254 /* PBXContainerItemProxy */;
		};
		9AA86E6028BA7A6D0061A254 /* PBXTargetDependency */ = {
			isa = PBXTargetDependency;
			target = 9AA86E3D28BA7A6B0061A254 /* Prework */;
			targetProxy = 9AA86E5F28BA7A6D0061A254 /* PBXContainerItemProxy */;
		};
/* End PBXTargetDependency section */

/* Begin PBXVariantGroup section */
		9AA86E4728BA7A6B0061A254 /* Main.storyboard */ = {
			isa = PBXVariantGroup;
			children = (
				9AA86E4828BA7A6B0061A254 /* Base */,
			);
			name = Main.storyboard;
			sourceTree = "<group>";
		};
		9AA86E4C28BA7A6D0061A254 /* LaunchScreen.storyboard */ = {
			isa = PBXVariantGroup;
			children = (
				9AA86E4D28BA7A6D0061A254 /* Base */,
			);
			name = LaunchScreen.storyboard;
			sourceTree = "<group>";
		};
/* End PBXVariantGroup section */

/* Begin XCBuildConfiguration section */
		9AA86E6628BA7A6D0061A254 /* Debug */ = {
			isa = XCBuildConfiguration;
			buildSettings = {
				ALWAYS_SEARCH_USER_PATHS = NO;
				CLANG_ANALYZER_NONNULL = YES;
				CLANG_ANALYZER_NUMBER_OBJECT_CONVERSION = YES_AGGRESSIVE;
				CLANG_CXX_LANGUAGE_STANDARD = "gnu++17";
				CLANG_ENABLE_MODULES = YES;
				CLANG_ENABLE_OBJC_ARC = YES;
				CLANG_ENABLE_OBJC_WEAK = YES;
				CLANG_WARN_BLOCK_CAPTURE_AUTORELEASING = YES;
				CLANG_WARN_BOOL_CONVERSION = YES;
				CLANG_WARN_COMMA = YES;
				CLANG_WARN_CONSTANT_CONVERSION = YES;
				CLANG_WARN_DEPRECATED_OBJC_IMPLEMENTATIONS = YES;
				CLANG_WARN_DIRECT_OBJC_ISA_USAGE = YES_ERROR;
				CLANG_WARN_DOCUMENTATION_COMMENTS = YES;
				CLANG_WARN_EMPTY_BODY = YES;
				CLANG_WARN_ENUM_CONVERSION = YES;
				CLANG_WARN_INFINITE_RECURSION = YES;
				CLANG_WARN_INT_CONVERSION = YES;
				CLANG_WARN_NON_LITERAL_NULL_CONVERSION = YES;
				CLANG_WARN_OBJC_IMPLICIT_RETAIN_SELF = YES;
				CLANG_WARN_OBJC_LITERAL_CONVERSION = YES;
				CLANG_WARN_OBJC_ROOT_CLASS = YES_ERROR;
				CLANG_WARN_QUOTED_INCLUDE_IN_FRAMEWORK_HEADER = YES;
				CLANG_WARN_RANGE_LOOP_ANALYSIS = YES;
				CLANG_WARN_STRICT_PROTOTYPES = YES;
				CLANG_WARN_SUSPICIOUS_MOVE = YES;
				CLANG_WARN_UNGUARDED_AVAILABILITY = YES_AGGRESSIVE;
				CLANG_WARN_UNREACHABLE_CODE = YES;
				CLANG_WARN__DUPLICATE_METHOD_MATCH = YES;
				COPY_PHASE_STRIP = NO;
				DEBUG_INFORMATION_FORMAT = dwarf;
				ENABLE_STRICT_OBJC_MSGSEND = YES;
				ENABLE_TESTABILITY = YES;
				GCC_C_LANGUAGE_STANDARD = gnu11;
				GCC_DYNAMIC_NO_PIC = NO;
				GCC_NO_COMMON_BLOCKS = YES;
				GCC_OPTIMIZATION_LEVEL = 0;
				GCC_PREPROCESSOR_DEFINITIONS = (
					"DEBUG=1",
					"$(inherited)",
				);
				GCC_WARN_64_TO_32_BIT_CONVERSION = YES;
				GCC_WARN_ABOUT_RETURN_TYPE = YES_ERROR;
				GCC_WARN_UNDECLARED_SELECTOR = YES;
				GCC_WARN_UNINITIALIZED_AUTOS = YES_AGGRESSIVE;
				GCC_WARN_UNUSED_FUNCTION = YES;
				GCC_WARN_UNUSED_VARIABLE = YES;
				IPHONEOS_DEPLOYMENT_TARGET = 15.5;
				MTL_ENABLE_DEBUG_INFO = INCLUDE_SOURCE;
				MTL_FAST_MATH = YES;
				ONLY_ACTIVE_ARCH = YES;
				SDKROOT = iphoneos;
				SWIFT_ACTIVE_COMPILATION_CONDITIONS = DEBUG;
				SWIFT_OPTIMIZATION_LEVEL = "-Onone";
			};
			name = Debug;
		};
		9AA86E6728BA7A6D0061A254 /* Release */ = {
			isa = XCBuildConfiguration;
			buildSettings = {
				ALWAYS_SEARCH_USER_PATHS = NO;
				CLANG_ANALYZER_NONNULL = YES;
				CLANG_ANALYZER_NUMBER_OBJECT_CONVERSION = YES_AGGRESSIVE;
				CLANG_CXX_LANGUAGE_STANDARD = "gnu++17";
				CLANG_ENABLE_MODULES = YES;
				CLANG_ENABLE_OBJC_ARC = YES;
				CLANG_ENABLE_OBJC_WEAK = YES;
				CLANG_WARN_BLOCK_CAPTURE_AUTORELEASING = YES;
				CLANG_WARN_BOOL_CONVERSION = YES;
				CLANG_WARN_COMMA = YES;
				CLANG_WARN_CONSTANT_CONVERSION = YES;
				CLANG_WARN_DEPRECATED_OBJC_IMPLEMENTATIONS = YES;
				CLANG_WARN_DIRECT_OBJC_ISA_USAGE = YES_ERROR;
				CLANG_WARN_DOCUMENTATION_COMMENTS = YES;
				CLANG_WARN_EMPTY_BODY = YES;
				CLANG_WARN_ENUM_CONVERSION = YES;
				CLANG_WARN_INFINITE_RECURSION = YES;
				CLANG_WARN_INT_CONVERSION = YES;
				CLANG_WARN_NON_LITERAL_NULL_CONVERSION = YES;
				CLANG_WARN_OBJC_IMPLICIT_RETAIN_SELF = YES;
				CLANG_WARN_OBJC_LITERAL_CONVERSION = YES;
				CLANG_WARN_OBJC_ROOT_CLASS = YES_ERROR;
				CLANG_WARN_QUOTED_INCLUDE_IN_FRAMEWORK_HEADER = YES;
				CLANG_WARN_RANGE_LOOP_ANALYSIS = YES;
				CLANG_WARN_STRICT_PROTOTYPES = YES;
				CLANG_WARN_SUSPICIOUS_MOVE = YES;
				CLANG_WARN_UNGUARDED_AVAILABILITY = YES_AGGRESSIVE;
				CLANG_WARN_UNREACHABLE_CODE = YES;
				CLANG_WARN__DUPLICATE_METHOD_MATCH = YES;
				COPY_PHASE_STRIP = NO;
				DEBUG_INFORMATION_FORMAT = "dwarf-with-dsym";
				ENABLE_NS_ASSERTIONS = NO;
				ENABLE_STRICT_OBJC_MSGSEND = YES;
				GCC_C_LANGUAGE_STANDARD = gnu11;
				GCC_NO_COMMON_BLOCKS = YES;
				GCC_WARN_64_TO_32_BIT_CONVERSION = YES;
				GCC_WARN_ABOUT_RETURN_TYPE = YES_ERROR;
				GCC_WARN_UNDECLARED_SELECTOR = YES;
				GCC_WARN_UNINITIALIZED_AUTOS = YES_AGGRESSIVE;
				GCC_WARN_UNUSED_FUNCTION = YES;
				GCC_WARN_UNUSED_VARIABLE = YES;
				IPHONEOS_DEPLOYMENT_TARGET = 15.5;
				MTL_ENABLE_DEBUG_INFO = NO;
				MTL_FAST_MATH = YES;
				SDKROOT = iphoneos;
				SWIFT_COMPILATION_MODE = wholemodule;
				SWIFT_OPTIMIZATION_LEVEL = "-O";
				VALIDATE_PRODUCT = YES;
			};
			name = Release;
		};
		9AA86E6928BA7A6D0061A254 /* Debug */ = {
			isa = XCBuildConfiguration;
			buildSettings = {
				ASSETCATALOG_COMPILER_APPICON_NAME = AppIcon;
				ASSETCATALOG_COMPILER_GLOBAL_ACCENT_COLOR_NAME = AccentColor;
				CODE_SIGN_STYLE = Automatic;
				CURRENT_PROJECT_VERSION = 1;
				DEVELOPMENT_TEAM = FJ32CWQ8RU;
				GENERATE_INFOPLIST_FILE = YES;
				INFOPLIST_FILE = Prework/Info.plist;
				INFOPLIST_KEY_UIApplicationSupportsIndirectInputEvents = YES;
				INFOPLIST_KEY_UILaunchStoryboardName = LaunchScreen;
				INFOPLIST_KEY_UIMainStoryboardFile = Main;
				INFOPLIST_KEY_UISupportedInterfaceOrientations_iPad = "UIInterfaceOrientationPortrait UIInterfaceOrientationPortraitUpsideDown UIInterfaceOrientationLandscapeLeft UIInterfaceOrientationLandscapeRight";
				INFOPLIST_KEY_UISupportedInterfaceOrientations_iPhone = "UIInterfaceOrientationPortrait UIInterfaceOrientationLandscapeLeft UIInterfaceOrientationLandscapeRight";
				LD_RUNPATH_SEARCH_PATHS = (
					"$(inherited)",
					"@executable_path/Frameworks",
				);
				MARKETING_VERSION = 1.0;
				PRODUCT_BUNDLE_IDENTIFIER = memo.com.Prework;
				PRODUCT_NAME = "$(TARGET_NAME)";
				SWIFT_EMIT_LOC_STRINGS = YES;
				SWIFT_VERSION = 5.0;
				TARGETED_DEVICE_FAMILY = "1,2";
			};
			name = Debug;
		};
		9AA86E6A28BA7A6D0061A254 /* Release */ = {
			isa = XCBuildConfiguration;
			buildSettings = {
				ASSETCATALOG_COMPILER_APPICON_NAME = AppIcon;
				ASSETCATALOG_COMPILER_GLOBAL_ACCENT_COLOR_NAME = AccentColor;
				CODE_SIGN_STYLE = Automatic;
				CURRENT_PROJECT_VERSION = 1;
				DEVELOPMENT_TEAM = FJ32CWQ8RU;
				GENERATE_INFOPLIST_FILE = YES;
				INFOPLIST_FILE = Prework/Info.plist;
				INFOPLIST_KEY_UIApplicationSupportsIndirectInputEvents = YES;
				INFOPLIST_KEY_UILaunchStoryboardName = LaunchScreen;
				INFOPLIST_KEY_UIMainStoryboardFile = Main;
				INFOPLIST_KEY_UISupportedInterfaceOrientations_iPad = "UIInterfaceOrientationPortrait UIInterfaceOrientationPortraitUpsideDown UIInterfaceOrientationLandscapeLeft UIInterfaceOrientationLandscapeRight";
				INFOPLIST_KEY_UISupportedInterfaceOrientations_iPhone = "UIInterfaceOrientationPortrait UIInterfaceOrientationLandscapeLeft UIInterfaceOrientationLandscapeRight";
				LD_RUNPATH_SEARCH_PATHS = (
					"$(inherited)",
					"@executable_path/Frameworks",
				);
				MARKETING_VERSION = 1.0;
				PRODUCT_BUNDLE_IDENTIFIER = memo.com.Prework;
				PRODUCT_NAME = "$(TARGET_NAME)";
				SWIFT_EMIT_LOC_STRINGS = YES;
				SWIFT_VERSION = 5.0;
				TARGETED_DEVICE_FAMILY = "1,2";
			};
			name = Release;
		};
		9AA86E6C28BA7A6D0061A254 /* Debug */ = {
			isa = XCBuildConfiguration;
			buildSettings = {
				ALWAYS_EMBED_SWIFT_STANDARD_LIBRARIES = YES;
				BUNDLE_LOADER = "$(TEST_HOST)";
				CODE_SIGN_STYLE = Automatic;
				CURRENT_PROJECT_VERSION = 1;
				DEVELOPMENT_TEAM = FJ32CWQ8RU;
				GENERATE_INFOPLIST_FILE = YES;
				IPHONEOS_DEPLOYMENT_TARGET = 15.5;
				MARKETING_VERSION = 1.0;
				PRODUCT_BUNDLE_IDENTIFIER = memo.com.PreworkTests;
				PRODUCT_NAME = "$(TARGET_NAME)";
				SWIFT_EMIT_LOC_STRINGS = NO;
				SWIFT_VERSION = 5.0;
				TARGETED_DEVICE_FAMILY = "1,2";
				TEST_HOST = "$(BUILT_PRODUCTS_DIR)/Prework.app/Prework";
			};
			name = Debug;
		};
		9AA86E6D28BA7A6D0061A254 /* Release */ = {
			isa = XCBuildConfiguration;
			buildSettings = {
				ALWAYS_EMBED_SWIFT_STANDARD_LIBRARIES = YES;
				BUNDLE_LOADER = "$(TEST_HOST)";
				CODE_SIGN_STYLE = Automatic;
				CURRENT_PROJECT_VERSION = 1;
				DEVELOPMENT_TEAM = FJ32CWQ8RU;
				GENERATE_INFOPLIST_FILE = YES;
				IPHONEOS_DEPLOYMENT_TARGET = 15.5;
				MARKETING_VERSION = 1.0;
				PRODUCT_BUNDLE_IDENTIFIER = memo.com.PreworkTests;
				PRODUCT_NAME = "$(TARGET_NAME)";
				SWIFT_EMIT_LOC_STRINGS = NO;
				SWIFT_VERSION = 5.0;
				TARGETED_DEVICE_FAMILY = "1,2";
				TEST_HOST = "$(BUILT_PRODUCTS_DIR)/Prework.app/Prework";
			};
			name = Release;
		};
		9AA86E6F28BA7A6D0061A254 /* Debug */ = {
			isa = XCBuildConfiguration;
			buildSettings = {
				ALWAYS_EMBED_SWIFT_STANDARD_LIBRARIES = YES;
				CODE_SIGN_STYLE = Automatic;
				CURRENT_PROJECT_VERSION = 1;
				DEVELOPMENT_TEAM = FJ32CWQ8RU;
				GENERATE_INFOPLIST_FILE = YES;
				MARKETING_VERSION = 1.0;
				PRODUCT_BUNDLE_IDENTIFIER = memo.com.PreworkUITests;
				PRODUCT_NAME = "$(TARGET_NAME)";
				SWIFT_EMIT_LOC_STRINGS = NO;
				SWIFT_VERSION = 5.0;
				TARGETED_DEVICE_FAMILY = "1,2";
				TEST_TARGET_NAME = Prework;
			};
			name = Debug;
		};
		9AA86E7028BA7A6D0061A254 /* Release */ = {
			isa = XCBuildConfiguration;
			buildSettings = {
				ALWAYS_EMBED_SWIFT_STANDARD_LIBRARIES = YES;
				CODE_SIGN_STYLE = Automatic;
				CURRENT_PROJECT_VERSION = 1;
				DEVELOPMENT_TEAM = FJ32CWQ8RU;
				GENERATE_INFOPLIST_FILE = YES;
				MARKETING_VERSION = 1.0;
				PRODUCT_BUNDLE_IDENTIFIER = memo.com.PreworkUITests;
				PRODUCT_NAME = "$(TARGET_NAME)";
				SWIFT_EMIT_LOC_STRINGS = NO;
				SWIFT_VERSION = 5.0;
				TARGETED_DEVICE_FAMILY = "1,2";
				TEST_TARGET_NAME = Prework;
			};
			name = Release;
		};
/* End XCBuildConfiguration section */

/* Begin XCConfigurationList section */
		9AA86E3928BA7A6B0061A254 /* Build configuration list for PBXProject "Prework" */ = {
			isa = XCConfigurationList;
			buildConfigurations = (
				9AA86E6628BA7A6D0061A254 /* Debug */,
				9AA86E6728BA7A6D0061A254 /* Release */,
			);
			defaultConfigurationIsVisible = 0;
			defaultConfigurationName = Release;
		};
		9AA86E6828BA7A6D0061A254 /* Build configuration list for PBXNativeTarget "Prework" */ = {
			isa = XCConfigurationList;
			buildConfigurations = (
				9AA86E6928BA7A6D0061A254 /* Debug */,
				9AA86E6A28BA7A6D0061A254 /* Release */,
			);
			defaultConfigurationIsVisible = 0;
			defaultConfigurationName = Release;
		};
		9AA86E6B28BA7A6D0061A254 /* Build configuration list for PBXNativeTarget "PreworkTests" */ = {
			isa = XCConfigurationList;
			buildConfigurations = (
				9AA86E6C28BA7A6D0061A254 /* Debug */,
				9AA86E6D28BA7A6D0061A254 /* Release */,
			);
			defaultConfigurationIsVisible = 0;
			defaultConfigurationName = Release;
		};
		9AA86E6E28BA7A6D0061A254 /* Build configuration list for PBXNativeTarget "PreworkUITests" */ = {
			isa = XCConfigurationList;
			buildConfigurations = (
				9AA86E6F28BA7A6D0061A254 /* Debug */,
				9AA86E7028BA7A6D0061A254 /* Release */,
			);
			defaultConfigurationIsVisible = 0;
			defaultConfigurationName = Release;
		};
/* End XCConfigurationList section */
	};
	rootObject = 9AA86E3628BA7A6B0061A254 /* Project object */;
}
